
Microsoft Visual Studio Solution File, Format Version 12.00
# Visual Studio 15
Project("{FAE04EC0-301F-11D3-BF4B-00C04F79EFBC}") = "Assembly-CSharp", "Assembly-CSharp.csproj", "{1AC7BD82-E91B-A538-4771-55544BEEAF41}"
EndProject
Project("{FAE04EC0-301F-11D3-BF4B-00C04F79EFBC}") = "Assembly-CSharp-Editor", "Assembly-CSharp-Editor.csproj", "{4DD92447-452A-7301-BE6C-F424833847D6}"
EndProject
Project("{FAE04EC0-301F-11D3-BF4B-00C04F79EFBC}") = "Assembly-CSharp-Editor-firstpass", "Assembly-CSharp-Editor-firstpass.csproj", "{A33536A2-C34F-2C55-CDE5-C954DEEEDC82}"
EndProject
Global
	GlobalSection(SolutionConfigurationPlatforms) = preSolution
		Debug|Any CPU = Debug|Any CPU
		Release|Any CPU = Release|Any CPU
	EndGlobalSection
	GlobalSection(ProjectConfigurationPlatforms) = postSolution
		{1AC7BD82-E91B-A538-4771-55544BEEAF41}.Debug|Any CPU.ActiveCfg = Debug|Any CPU
		{1AC7BD82-E91B-A538-4771-55544BEEAF41}.Debug|Any CPU.Build.0 = Debug|Any CPU
		{1AC7BD82-E91B-A538-4771-55544BEEAF41}.Release|Any CPU.ActiveCfg = Release|Any CPU
		{1AC7BD82-E91B-A538-4771-55544BEEAF41}.Release|Any CPU.Build.0 = Release|Any CPU
		{4DD92447-452A-7301-BE6C-F424833847D6}.Debug|Any CPU.ActiveCfg = Debug|Any CPU
		{4DD92447-452A-7301-BE6C-F424833847D6}.Debug|Any CPU.Build.0 = Debug|Any CPU
		{4DD92447-452A-7301-BE6C-F424833847D6}.Release|Any CPU.ActiveCfg = Release|Any CPU
		{4DD92447-452A-7301-BE6C-F424833847D6}.Release|Any CPU.Build.0 = Release|Any CPU
		{A33536A2-C34F-2C55-CDE5-C954DEEEDC82}.Debug|Any CPU.ActiveCfg = Debug|Any CPU
		{A33536A2-C34F-2C55-CDE5-C954DEEEDC82}.Debug|Any CPU.Build.0 = Debug|Any CPU
		{A33536A2-C34F-2C55-CDE5-C954DEEEDC82}.Release|Any CPU.ActiveCfg = Release|Any CPU
		{A33536A2-C34F-2C55-CDE5-C954DEEEDC82}.Release|Any CPU.Build.0 = Release|Any CPU
	EndGlobalSection
	GlobalSection(SolutionProperties) = preSolution
		HideSolutionNode = FALSE
	EndGlobalSection
EndGlobal
